// !$*UTF8*$!
{
	archiveVersion = 1;
	classes = {
	};
	objectVersion = 56;
	objects = {

/* Begin PBXBuildFile section */
		222CB2B82C5BCE28001CB633 /* AppDelegate.swift in Sources */ = {isa = PBXBuildFile; fileRef = 222CB2B72C5BCE28001CB633 /* AppDelegate.swift */; };
		222CB2BA2C5BCE28001CB633 /* SceneDelegate.swift in Sources */ = {isa = PBXBuildFile; fileRef = 222CB2B92C5BCE28001CB633 /* SceneDelegate.swift */; };
		222CB2BC2C5BCE28001CB633 /* ImagesListViewController.swift in Sources */ = {isa = PBXBuildFile; fileRef = 222CB2BB2C5BCE28001CB633 /* ImagesListViewController.swift */; };
		222CB2BF2C5BCE28001CB633 /* Base in Resources */ = {isa = PBXBuildFile; fileRef = 222CB2BE2C5BCE28001CB633 /* Base */; };
		222CB2C12C5BCE2A001CB633 /* Assets.xcassets in Resources */ = {isa = PBXBuildFile; fileRef = 222CB2C02C5BCE2A001CB633 /* Assets.xcassets */; };
		222CB2C42C5BCE2A001CB633 /* Base in Resources */ = {isa = PBXBuildFile; fileRef = 222CB2C32C5BCE2A001CB633 /* Base */; };
		222CB2CF2C5BCE2B001CB633 /* ImagesListServiceTests.swift in Sources */ = {isa = PBXBuildFile; fileRef = 222CB2CE2C5BCE2B001CB633 /* ImagesListServiceTests.swift */; };
		222CB2D92C5BCE2B001CB633 /* ImageFeedUITests.swift in Sources */ = {isa = PBXBuildFile; fileRef = 222CB2D82C5BCE2B001CB633 /* ImageFeedUITests.swift */; };
		222CB2DB2C5BCE2B001CB633 /* ImageFeedUITestsLaunchTests.swift in Sources */ = {isa = PBXBuildFile; fileRef = 222CB2DA2C5BCE2B001CB633 /* ImageFeedUITestsLaunchTests.swift */; };
		222CB2EC2C5CF088001CB633 /* ImagesListCell.swift in Sources */ = {isa = PBXBuildFile; fileRef = 222CB2EB2C5CF088001CB633 /* ImagesListCell.swift */; };
		222CB2F42C5E3CD8001CB633 /* ProfileViewController.swift in Sources */ = {isa = PBXBuildFile; fileRef = 222CB2F32C5E3CD8001CB633 /* ProfileViewController.swift */; };
		222CB2F72C5E6010001CB633 /* SingleImageViewController.swift in Sources */ = {isa = PBXBuildFile; fileRef = 222CB2F62C5E6010001CB633 /* SingleImageViewController.swift */; };
		227458AB2C777FF4009262D2 /* Constants.swift in Sources */ = {isa = PBXBuildFile; fileRef = 227458AA2C777FF4009262D2 /* Constants.swift */; };
		228357302C78E1E6004F740E /* OAuth2TokenStorage.swift in Sources */ = {isa = PBXBuildFile; fileRef = 2283572F2C78E1E6004F740E /* OAuth2TokenStorage.swift */; };
		228357332C78E7FF004F740E /* OAuthTokenResponse.swift in Sources */ = {isa = PBXBuildFile; fileRef = 228357322C78E7FF004F740E /* OAuthTokenResponse.swift */; };
		228357362C78F63F004F740E /* SplashViewController.swift in Sources */ = {isa = PBXBuildFile; fileRef = 228357352C78F63F004F740E /* SplashViewController.swift */; };
		228357392C791C2B004F740E /* AuthViewControllerDelegate.swift in Sources */ = {isa = PBXBuildFile; fileRef = 228357382C791C2B004F740E /* AuthViewControllerDelegate.swift */; };
		228DA28C2C7A596E006F74F0 /* WebViewViewControllerDelegate.swift in Sources */ = {isa = PBXBuildFile; fileRef = 228DA28B2C7A596E006F74F0 /* WebViewViewControllerDelegate.swift */; };
		229183B72C89B74900A2AA5F /* ProgressHUD in Frameworks */ = {isa = PBXBuildFile; productRef = 229183B62C89B74900A2AA5F /* ProgressHUD */; };
		229183B92C8A28AA00A2AA5F /* UIBlockingProgressHUD.swift in Sources */ = {isa = PBXBuildFile; fileRef = 229183B82C8A28AA00A2AA5F /* UIBlockingProgressHUD.swift */; };
		229183BB2C8A2B0100A2AA5F /* ProfileService.swift in Sources */ = {isa = PBXBuildFile; fileRef = 229183BA2C8A2B0100A2AA5F /* ProfileService.swift */; };
		229183BD2C8B007300A2AA5F /* ProfileImageService.swift in Sources */ = {isa = PBXBuildFile; fileRef = 229183BC2C8B007300A2AA5F /* ProfileImageService.swift */; };
		229183C02C8ECF0E00A2AA5F /* SwiftKeychainWrapper in Frameworks */ = {isa = PBXBuildFile; productRef = 229183BF2C8ECF0E00A2AA5F /* SwiftKeychainWrapper */; };
		229183C32C8ED1D200A2AA5F /* TabBarController.swift in Sources */ = {isa = PBXBuildFile; fileRef = 229183C22C8ED1D200A2AA5F /* TabBarController.swift */; };
		229183C62C8EE09200A2AA5F /* Kingfisher in Frameworks */ = {isa = PBXBuildFile; productRef = 229183C52C8EE09200A2AA5F /* Kingfisher */; };
		229183C92C8EEA6900A2AA5F /* URLSession+data.swift in Sources */ = {isa = PBXBuildFile; fileRef = 229183C82C8EEA6900A2AA5F /* URLSession+data.swift */; };
		229183CB2CA922C000A2AA5F /* ProfileModels.swift in Sources */ = {isa = PBXBuildFile; fileRef = 229183CA2CA922C000A2AA5F /* ProfileModels.swift */; };
		229183CD2CA9318300A2AA5F /* ImagesListService.swift in Sources */ = {isa = PBXBuildFile; fileRef = 229183CC2CA9318300A2AA5F /* ImagesListService.swift */; };
		229183CF2CA931C300A2AA5F /* ImageListModels.swift in Sources */ = {isa = PBXBuildFile; fileRef = 229183CE2CA931C300A2AA5F /* ImageListModels.swift */; };
		22AC0E1D2C77904000012CB5 /* AuthViewController.swift in Sources */ = {isa = PBXBuildFile; fileRef = 22AC0E1C2C77903F00012CB5 /* AuthViewController.swift */; };
		22AC0E1F2C77946D00012CB5 /* WebViewViewController.swift in Sources */ = {isa = PBXBuildFile; fileRef = 22AC0E1E2C77946D00012CB5 /* WebViewViewController.swift */; };
		22AC0E212C78C8DA00012CB5 /* OAuth2Service.swift in Sources */ = {isa = PBXBuildFile; fileRef = 22AC0E202C78C8DA00012CB5 /* OAuth2Service.swift */; };
		22E6C41A2CAFFD0300BDBF12 /* ImageListCellDelegate.swift in Sources */ = {isa = PBXBuildFile; fileRef = 22E6C4192CAFFD0300BDBF12 /* ImageListCellDelegate.swift */; };
		22E6C41C2CB17E1F00BDBF12 /* ProfileLogoutService.swift in Sources */ = {isa = PBXBuildFile; fileRef = 22E6C41B2CB17E1E00BDBF12 /* ProfileLogoutService.swift */; };
/* End PBXBuildFile section */

/* Begin PBXContainerItemProxy section */
		222CB2CB2C5BCE2B001CB633 /* PBXContainerItemProxy */ = {
			isa = PBXContainerItemProxy;
			containerPortal = 222CB2AC2C5BCE28001CB633 /* Project object */;
			proxyType = 1;
			remoteGlobalIDString = 222CB2B32C5BCE28001CB633;
			remoteInfo = ImageFeed;
		};
		222CB2D52C5BCE2B001CB633 /* PBXContainerItemProxy */ = {
			isa = PBXContainerItemProxy;
			containerPortal = 222CB2AC2C5BCE28001CB633 /* Project object */;
			proxyType = 1;
			remoteGlobalIDString = 222CB2B32C5BCE28001CB633;
			remoteInfo = ImageFeed;
		};
/* End PBXContainerItemProxy section */

/* Begin PBXFileReference section */
		222CB2B42C5BCE28001CB633 /* ImageFeed.app */ = {isa = PBXFileReference; explicitFileType = wrapper.application; includeInIndex = 0; path = ImageFeed.app; sourceTree = BUILT_PRODUCTS_DIR; };
		222CB2B72C5BCE28001CB633 /* AppDelegate.swift */ = {isa = PBXFileReference; lastKnownFileType = sourcecode.swift; path = AppDelegate.swift; sourceTree = "<group>"; };
		222CB2B92C5BCE28001CB633 /* SceneDelegate.swift */ = {isa = PBXFileReference; lastKnownFileType = sourcecode.swift; path = SceneDelegate.swift; sourceTree = "<group>"; };
		222CB2BB2C5BCE28001CB633 /* ImagesListViewController.swift */ = {isa = PBXFileReference; lastKnownFileType = sourcecode.swift; path = ImagesListViewController.swift; sourceTree = "<group>"; };
		222CB2BE2C5BCE28001CB633 /* Base */ = {isa = PBXFileReference; lastKnownFileType = file.storyboard; name = Base; path = Base.lproj/Main.storyboard; sourceTree = "<group>"; };
		222CB2C02C5BCE2A001CB633 /* Assets.xcassets */ = {isa = PBXFileReference; lastKnownFileType = folder.assetcatalog; path = Assets.xcassets; sourceTree = "<group>"; };
		222CB2C32C5BCE2A001CB633 /* Base */ = {isa = PBXFileReference; lastKnownFileType = file.storyboard; name = Base; path = Base.lproj/LaunchScreen.storyboard; sourceTree = "<group>"; };
		222CB2C52C5BCE2A001CB633 /* Info.plist */ = {isa = PBXFileReference; lastKnownFileType = text.plist.xml; path = Info.plist; sourceTree = "<group>"; };
		222CB2CA2C5BCE2B001CB633 /* ImageFeedTests.xctest */ = {isa = PBXFileReference; explicitFileType = wrapper.cfbundle; includeInIndex = 0; path = ImageFeedTests.xctest; sourceTree = BUILT_PRODUCTS_DIR; };
		222CB2CE2C5BCE2B001CB633 /* ImagesListServiceTests.swift */ = {isa = PBXFileReference; lastKnownFileType = sourcecode.swift; path = ImagesListServiceTests.swift; sourceTree = "<group>"; };
		222CB2D42C5BCE2B001CB633 /* ImageFeedUITests.xctest */ = {isa = PBXFileReference; explicitFileType = wrapper.cfbundle; includeInIndex = 0; path = ImageFeedUITests.xctest; sourceTree = BUILT_PRODUCTS_DIR; };
		222CB2D82C5BCE2B001CB633 /* ImageFeedUITests.swift */ = {isa = PBXFileReference; lastKnownFileType = sourcecode.swift; path = ImageFeedUITests.swift; sourceTree = "<group>"; };
		222CB2DA2C5BCE2B001CB633 /* ImageFeedUITestsLaunchTests.swift */ = {isa = PBXFileReference; lastKnownFileType = sourcecode.swift; path = ImageFeedUITestsLaunchTests.swift; sourceTree = "<group>"; };
		222CB2EB2C5CF088001CB633 /* ImagesListCell.swift */ = {isa = PBXFileReference; lastKnownFileType = sourcecode.swift; path = ImagesListCell.swift; sourceTree = "<group>"; };
		222CB2F32C5E3CD8001CB633 /* ProfileViewController.swift */ = {isa = PBXFileReference; lastKnownFileType = sourcecode.swift; path = ProfileViewController.swift; sourceTree = "<group>"; };
		222CB2F62C5E6010001CB633 /* SingleImageViewController.swift */ = {isa = PBXFileReference; lastKnownFileType = sourcecode.swift; path = SingleImageViewController.swift; sourceTree = "<group>"; };
		227458AA2C777FF4009262D2 /* Constants.swift */ = {isa = PBXFileReference; lastKnownFileType = sourcecode.swift; path = Constants.swift; sourceTree = "<group>"; };
		2283572F2C78E1E6004F740E /* OAuth2TokenStorage.swift */ = {isa = PBXFileReference; lastKnownFileType = sourcecode.swift; path = OAuth2TokenStorage.swift; sourceTree = "<group>"; };
		228357322C78E7FF004F740E /* OAuthTokenResponse.swift */ = {isa = PBXFileReference; lastKnownFileType = sourcecode.swift; path = OAuthTokenResponse.swift; sourceTree = "<group>"; };
		228357352C78F63F004F740E /* SplashViewController.swift */ = {isa = PBXFileReference; lastKnownFileType = sourcecode.swift; path = SplashViewController.swift; sourceTree = "<group>"; };
		228357382C791C2B004F740E /* AuthViewControllerDelegate.swift */ = {isa = PBXFileReference; lastKnownFileType = sourcecode.swift; path = AuthViewControllerDelegate.swift; sourceTree = "<group>"; };
		228DA28B2C7A596E006F74F0 /* WebViewViewControllerDelegate.swift */ = {isa = PBXFileReference; lastKnownFileType = sourcecode.swift; path = WebViewViewControllerDelegate.swift; sourceTree = "<group>"; };
		229183B82C8A28AA00A2AA5F /* UIBlockingProgressHUD.swift */ = {isa = PBXFileReference; lastKnownFileType = sourcecode.swift; path = UIBlockingProgressHUD.swift; sourceTree = "<group>"; };
		229183BA2C8A2B0100A2AA5F /* ProfileService.swift */ = {isa = PBXFileReference; lastKnownFileType = sourcecode.swift; path = ProfileService.swift; sourceTree = "<group>"; };
		229183BC2C8B007300A2AA5F /* ProfileImageService.swift */ = {isa = PBXFileReference; lastKnownFileType = sourcecode.swift; path = ProfileImageService.swift; sourceTree = "<group>"; };
		229183C22C8ED1D200A2AA5F /* TabBarController.swift */ = {isa = PBXFileReference; lastKnownFileType = sourcecode.swift; path = TabBarController.swift; sourceTree = "<group>"; };
		229183C82C8EEA6900A2AA5F /* URLSession+data.swift */ = {isa = PBXFileReference; lastKnownFileType = sourcecode.swift; path = "URLSession+data.swift"; sourceTree = "<group>"; };
		229183CA2CA922C000A2AA5F /* ProfileModels.swift */ = {isa = PBXFileReference; lastKnownFileType = sourcecode.swift; path = ProfileModels.swift; sourceTree = "<group>"; };
		229183CC2CA9318300A2AA5F /* ImagesListService.swift */ = {isa = PBXFileReference; lastKnownFileType = sourcecode.swift; path = ImagesListService.swift; sourceTree = "<group>"; };
		229183CE2CA931C300A2AA5F /* ImageListModels.swift */ = {isa = PBXFileReference; lastKnownFileType = sourcecode.swift; path = ImageListModels.swift; sourceTree = "<group>"; };
		22AC0E1C2C77903F00012CB5 /* AuthViewController.swift */ = {isa = PBXFileReference; lastKnownFileType = sourcecode.swift; path = AuthViewController.swift; sourceTree = "<group>"; };
		22AC0E1E2C77946D00012CB5 /* WebViewViewController.swift */ = {isa = PBXFileReference; lastKnownFileType = sourcecode.swift; path = WebViewViewController.swift; sourceTree = "<group>"; };
		22AC0E202C78C8DA00012CB5 /* OAuth2Service.swift */ = {isa = PBXFileReference; lastKnownFileType = sourcecode.swift; path = OAuth2Service.swift; sourceTree = "<group>"; };
		22E6C4192CAFFD0300BDBF12 /* ImageListCellDelegate.swift */ = {isa = PBXFileReference; lastKnownFileType = sourcecode.swift; path = ImageListCellDelegate.swift; sourceTree = "<group>"; };
		22E6C41B2CB17E1E00BDBF12 /* ProfileLogoutService.swift */ = {isa = PBXFileReference; lastKnownFileType = sourcecode.swift; path = ProfileLogoutService.swift; sourceTree = "<group>"; };
/* End PBXFileReference section */

/* Begin PBXFrameworksBuildPhase section */
		222CB2B12C5BCE28001CB633 /* Frameworks */ = {
			isa = PBXFrameworksBuildPhase;
			buildActionMask = 2147483647;
			files = (
				229183C62C8EE09200A2AA5F /* Kingfisher in Frameworks */,
				229183C02C8ECF0E00A2AA5F /* SwiftKeychainWrapper in Frameworks */,
				229183B72C89B74900A2AA5F /* ProgressHUD in Frameworks */,
			);
			runOnlyForDeploymentPostprocessing = 0;
		};
		222CB2C72C5BCE2B001CB633 /* Frameworks */ = {
			isa = PBXFrameworksBuildPhase;
			buildActionMask = 2147483647;
			files = (
			);
			runOnlyForDeploymentPostprocessing = 0;
		};
		222CB2D12C5BCE2B001CB633 /* Frameworks */ = {
			isa = PBXFrameworksBuildPhase;
			buildActionMask = 2147483647;
			files = (
			);
			runOnlyForDeploymentPostprocessing = 0;
		};
/* End PBXFrameworksBuildPhase section */

/* Begin PBXGroup section */
		222CB2AB2C5BCE28001CB633 = {
			isa = PBXGroup;
			children = (
				222CB2B62C5BCE28001CB633 /* ImageFeed */,
				222CB2CD2C5BCE2B001CB633 /* ImageFeedTests */,
				222CB2D72C5BCE2B001CB633 /* ImageFeedUITests */,
				222CB2B52C5BCE28001CB633 /* Products */,
			);
			sourceTree = "<group>";
		};
		222CB2B52C5BCE28001CB633 /* Products */ = {
			isa = PBXGroup;
			children = (
				222CB2B42C5BCE28001CB633 /* ImageFeed.app */,
				222CB2CA2C5BCE2B001CB633 /* ImageFeedTests.xctest */,
				222CB2D42C5BCE2B001CB633 /* ImageFeedUITests.xctest */,
			);
			name = Products;
			sourceTree = "<group>";
		};
		222CB2B62C5BCE28001CB633 /* ImageFeed */ = {
			isa = PBXGroup;
			children = (
				229183C72C8EEA3300A2AA5F /* Extensions */,
				229183C12C8ED1AD00A2AA5F /* ViewControllers */,
				228357342C78F61A004F740E /* SplashViewController */,
				228357312C78E7DF004F740E /* Models */,
				22AC0E1B2C77901B00012CB5 /* Auth */,
				222CB2F52C5E5FEB001CB633 /* SingleImageViewController */,
				222CB2F22C5E3CA7001CB633 /* ProfileViewController */,
				222CB2ED2C5CF0A8001CB633 /* ImagesList */,
				222CB2B72C5BCE28001CB633 /* AppDelegate.swift */,
				222CB2B92C5BCE28001CB633 /* SceneDelegate.swift */,
				222CB2BD2C5BCE28001CB633 /* Main.storyboard */,
				222CB2C02C5BCE2A001CB633 /* Assets.xcassets */,
				227458AA2C777FF4009262D2 /* Constants.swift */,
				222CB2C22C5BCE2A001CB633 /* LaunchScreen.storyboard */,
				222CB2C52C5BCE2A001CB633 /* Info.plist */,
			);
			path = ImageFeed;
			sourceTree = "<group>";
		};
		222CB2CD2C5BCE2B001CB633 /* ImageFeedTests */ = {
			isa = PBXGroup;
			children = (
				222CB2CE2C5BCE2B001CB633 /* ImagesListServiceTests.swift */,
			);
			path = ImageFeedTests;
			sourceTree = "<group>";
		};
		222CB2D72C5BCE2B001CB633 /* ImageFeedUITests */ = {
			isa = PBXGroup;
			children = (
				222CB2D82C5BCE2B001CB633 /* ImageFeedUITests.swift */,
				222CB2DA2C5BCE2B001CB633 /* ImageFeedUITestsLaunchTests.swift */,
			);
			path = ImageFeedUITests;
			sourceTree = "<group>";
		};
		222CB2ED2C5CF0A8001CB633 /* ImagesList */ = {
			isa = PBXGroup;
			children = (
				222CB2BB2C5BCE28001CB633 /* ImagesListViewController.swift */,
				222CB2EB2C5CF088001CB633 /* ImagesListCell.swift */,
				22E6C4192CAFFD0300BDBF12 /* ImageListCellDelegate.swift */,
				229183CC2CA9318300A2AA5F /* ImagesListService.swift */,
			);
			path = ImagesList;
			sourceTree = "<group>";
		};
		222CB2F22C5E3CA7001CB633 /* ProfileViewController */ = {
			isa = PBXGroup;
			children = (
				222CB2F32C5E3CD8001CB633 /* ProfileViewController.swift */,
				22E6C41B2CB17E1E00BDBF12 /* ProfileLogoutService.swift */,
				229183BC2C8B007300A2AA5F /* ProfileImageService.swift */,
				229183BA2C8A2B0100A2AA5F /* ProfileService.swift */,
			);
			path = ProfileViewController;
			sourceTree = "<group>";
		};
		222CB2F52C5E5FEB001CB633 /* SingleImageViewController */ = {
			isa = PBXGroup;
			children = (
				222CB2F62C5E6010001CB633 /* SingleImageViewController.swift */,
			);
			path = SingleImageViewController;
			sourceTree = "<group>";
		};
		228357312C78E7DF004F740E /* Models */ = {
			isa = PBXGroup;
			children = (
				228357322C78E7FF004F740E /* OAuthTokenResponse.swift */,
				229183CA2CA922C000A2AA5F /* ProfileModels.swift */,
				229183CE2CA931C300A2AA5F /* ImageListModels.swift */,
			);
			path = Models;
			sourceTree = "<group>";
		};
		228357342C78F61A004F740E /* SplashViewController */ = {
			isa = PBXGroup;
			children = (
				228357352C78F63F004F740E /* SplashViewController.swift */,
			);
			path = SplashViewController;
			sourceTree = "<group>";
		};
		228357372C791C02004F740E /* AuthDelegates */ = {
			isa = PBXGroup;
			children = (
				228357382C791C2B004F740E /* AuthViewControllerDelegate.swift */,
				228DA28B2C7A596E006F74F0 /* WebViewViewControllerDelegate.swift */,
			);
			path = AuthDelegates;
			sourceTree = "<group>";
		};
		229183C12C8ED1AD00A2AA5F /* ViewControllers */ = {
			isa = PBXGroup;
			children = (
				229183C22C8ED1D200A2AA5F /* TabBarController.swift */,
			);
			path = ViewControllers;
			sourceTree = "<group>";
		};
		229183C72C8EEA3300A2AA5F /* Extensions */ = {
			isa = PBXGroup;
			children = (
				229183C82C8EEA6900A2AA5F /* URLSession+data.swift */,
			);
			path = Extensions;
			sourceTree = "<group>";
		};
		22AC0E1B2C77901B00012CB5 /* Auth */ = {
			isa = PBXGroup;
			children = (
				22AC0E1C2C77903F00012CB5 /* AuthViewController.swift */,
				228357372C791C02004F740E /* AuthDelegates */,
				22AC0E1E2C77946D00012CB5 /* WebViewViewController.swift */,
				22AC0E202C78C8DA00012CB5 /* OAuth2Service.swift */,
				229183B82C8A28AA00A2AA5F /* UIBlockingProgressHUD.swift */,
				2283572F2C78E1E6004F740E /* OAuth2TokenStorage.swift */,
			);
			path = Auth;
			sourceTree = "<group>";
		};
/* End PBXGroup section */

/* Begin PBXNativeTarget section */
		222CB2B32C5BCE28001CB633 /* ImageFeed */ = {
			isa = PBXNativeTarget;
			buildConfigurationList = 222CB2DE2C5BCE2B001CB633 /* Build configuration list for PBXNativeTarget "ImageFeed" */;
			buildPhases = (
				222CB2B02C5BCE28001CB633 /* Sources */,
				222CB2B12C5BCE28001CB633 /* Frameworks */,
				222CB2B22C5BCE28001CB633 /* Resources */,
			);
			buildRules = (
			);
			dependencies = (
			);
			name = ImageFeed;
			packageProductDependencies = (
				229183B62C89B74900A2AA5F /* ProgressHUD */,
				229183BF2C8ECF0E00A2AA5F /* SwiftKeychainWrapper */,
				229183C52C8EE09200A2AA5F /* Kingfisher */,
			);
			productName = ImageFeed;
			productReference = 222CB2B42C5BCE28001CB633 /* ImageFeed.app */;
			productType = "com.apple.product-type.application";
		};
		222CB2C92C5BCE2B001CB633 /* ImageFeedTests */ = {
			isa = PBXNativeTarget;
			buildConfigurationList = 222CB2E12C5BCE2B001CB633 /* Build configuration list for PBXNativeTarget "ImageFeedTests" */;
			buildPhases = (
				222CB2C62C5BCE2B001CB633 /* Sources */,
				222CB2C72C5BCE2B001CB633 /* Frameworks */,
				222CB2C82C5BCE2B001CB633 /* Resources */,
			);
			buildRules = (
			);
			dependencies = (
				222CB2CC2C5BCE2B001CB633 /* PBXTargetDependency */,
			);
			name = ImageFeedTests;
			productName = ImageFeedTests;
			productReference = 222CB2CA2C5BCE2B001CB633 /* ImageFeedTests.xctest */;
			productType = "com.apple.product-type.bundle.unit-test";
		};
		222CB2D32C5BCE2B001CB633 /* ImageFeedUITests */ = {
			isa = PBXNativeTarget;
			buildConfigurationList = 222CB2E42C5BCE2B001CB633 /* Build configuration list for PBXNativeTarget "ImageFeedUITests" */;
			buildPhases = (
				222CB2D02C5BCE2B001CB633 /* Sources */,
				222CB2D12C5BCE2B001CB633 /* Frameworks */,
				222CB2D22C5BCE2B001CB633 /* Resources */,
			);
			buildRules = (
			);
			dependencies = (
				222CB2D62C5BCE2B001CB633 /* PBXTargetDependency */,
			);
			name = ImageFeedUITests;
			productName = ImageFeedUITests;
			productReference = 222CB2D42C5BCE2B001CB633 /* ImageFeedUITests.xctest */;
			productType = "com.apple.product-type.bundle.ui-testing";
		};
/* End PBXNativeTarget section */

/* Begin PBXProject section */
		222CB2AC2C5BCE28001CB633 /* Project object */ = {
			isa = PBXProject;
			attributes = {
				BuildIndependentTargetsInParallel = 1;
				LastSwiftUpdateCheck = 1530;
				LastUpgradeCheck = 1530;
				TargetAttributes = {
					222CB2B32C5BCE28001CB633 = {
						CreatedOnToolsVersion = 15.3;
					};
					222CB2C92C5BCE2B001CB633 = {
						CreatedOnToolsVersion = 15.3;
						TestTargetID = 222CB2B32C5BCE28001CB633;
					};
					222CB2D32C5BCE2B001CB633 = {
						CreatedOnToolsVersion = 15.3;
						TestTargetID = 222CB2B32C5BCE28001CB633;
					};
				};
			};
			buildConfigurationList = 222CB2AF2C5BCE28001CB633 /* Build configuration list for PBXProject "ImageFeed" */;
			compatibilityVersion = "Xcode 14.0";
			developmentRegion = en;
			hasScannedForEncodings = 0;
			knownRegions = (
				en,
				Base,
			);
			mainGroup = 222CB2AB2C5BCE28001CB633;
			packageReferences = (
				229183B52C89B18C00A2AA5F /* XCRemoteSwiftPackageReference "ProgressHUD" */,
				229183BE2C8ECF0E00A2AA5F /* XCRemoteSwiftPackageReference "SwiftKeychainWrapper" */,
				229183C42C8EE09200A2AA5F /* XCRemoteSwiftPackageReference "Kingfisher" */,
			);
			productRefGroup = 222CB2B52C5BCE28001CB633 /* Products */;
			projectDirPath = "";
			projectRoot = "";
			targets = (
				222CB2B32C5BCE28001CB633 /* ImageFeed */,
				222CB2C92C5BCE2B001CB633 /* ImageFeedTests */,
				222CB2D32C5BCE2B001CB633 /* ImageFeedUITests */,
			);
		};
/* End PBXProject section */

/* Begin PBXResourcesBuildPhase section */
		222CB2B22C5BCE28001CB633 /* Resources */ = {
			isa = PBXResourcesBuildPhase;
			buildActionMask = 2147483647;
			files = (
				222CB2C12C5BCE2A001CB633 /* Assets.xcassets in Resources */,
				222CB2C42C5BCE2A001CB633 /* Base in Resources */,
				222CB2BF2C5BCE28001CB633 /* Base in Resources */,
			);
			runOnlyForDeploymentPostprocessing = 0;
		};
		222CB2C82C5BCE2B001CB633 /* Resources */ = {
			isa = PBXResourcesBuildPhase;
			buildActionMask = 2147483647;
			files = (
			);
			runOnlyForDeploymentPostprocessing = 0;
		};
		222CB2D22C5BCE2B001CB633 /* Resources */ = {
			isa = PBXResourcesBuildPhase;
			buildActionMask = 2147483647;
			files = (
			);
			runOnlyForDeploymentPostprocessing = 0;
		};
/* End PBXResourcesBuildPhase section */

/* Begin PBXSourcesBuildPhase section */
		222CB2B02C5BCE28001CB633 /* Sources */ = {
			isa = PBXSourcesBuildPhase;
			buildActionMask = 2147483647;
			files = (
				222CB2BC2C5BCE28001CB633 /* ImagesListViewController.swift in Sources */,
				222CB2EC2C5CF088001CB633 /* ImagesListCell.swift in Sources */,
				222CB2F42C5E3CD8001CB633 /* ProfileViewController.swift in Sources */,
				229183B92C8A28AA00A2AA5F /* UIBlockingProgressHUD.swift in Sources */,
				222CB2B82C5BCE28001CB633 /* AppDelegate.swift in Sources */,
				229183CF2CA931C300A2AA5F /* ImageListModels.swift in Sources */,
				228357332C78E7FF004F740E /* OAuthTokenResponse.swift in Sources */,
				228357302C78E1E6004F740E /* OAuth2TokenStorage.swift in Sources */,
				22E6C41C2CB17E1F00BDBF12 /* ProfileLogoutService.swift in Sources */,
				229183BB2C8A2B0100A2AA5F /* ProfileService.swift in Sources */,
				229183C92C8EEA6900A2AA5F /* URLSession+data.swift in Sources */,
				229183CD2CA9318300A2AA5F /* ImagesListService.swift in Sources */,
				228DA28C2C7A596E006F74F0 /* WebViewViewControllerDelegate.swift in Sources */,
				228357362C78F63F004F740E /* SplashViewController.swift in Sources */,
				229183C32C8ED1D200A2AA5F /* TabBarController.swift in Sources */,
				229183CB2CA922C000A2AA5F /* ProfileModels.swift in Sources */,
				22AC0E1D2C77904000012CB5 /* AuthViewController.swift in Sources */,
				22E6C41A2CAFFD0300BDBF12 /* ImageListCellDelegate.swift in Sources */,
				227458AB2C777FF4009262D2 /* Constants.swift in Sources */,
				222CB2F72C5E6010001CB633 /* SingleImageViewController.swift in Sources */,
				22AC0E1F2C77946D00012CB5 /* WebViewViewController.swift in Sources */,
				22AC0E212C78C8DA00012CB5 /* OAuth2Service.swift in Sources */,
				229183BD2C8B007300A2AA5F /* ProfileImageService.swift in Sources */,
				228357392C791C2B004F740E /* AuthViewControllerDelegate.swift in Sources */,
				222CB2BA2C5BCE28001CB633 /* SceneDelegate.swift in Sources */,
			);
			runOnlyForDeploymentPostprocessing = 0;
		};
		222CB2C62C5BCE2B001CB633 /* Sources */ = {
			isa = PBXSourcesBuildPhase;
			buildActionMask = 2147483647;
			files = (
				222CB2CF2C5BCE2B001CB633 /* ImagesListServiceTests.swift in Sources */,
			);
			runOnlyForDeploymentPostprocessing = 0;
		};
		222CB2D02C5BCE2B001CB633 /* Sources */ = {
			isa = PBXSourcesBuildPhase;
			buildActionMask = 2147483647;
			files = (
				222CB2DB2C5BCE2B001CB633 /* ImageFeedUITestsLaunchTests.swift in Sources */,
				222CB2D92C5BCE2B001CB633 /* ImageFeedUITests.swift in Sources */,
			);
			runOnlyForDeploymentPostprocessing = 0;
		};
/* End PBXSourcesBuildPhase section */

/* Begin PBXTargetDependency section */
		222CB2CC2C5BCE2B001CB633 /* PBXTargetDependency */ = {
			isa = PBXTargetDependency;
			target = 222CB2B32C5BCE28001CB633 /* ImageFeed */;
			targetProxy = 222CB2CB2C5BCE2B001CB633 /* PBXContainerItemProxy */;
		};
		222CB2D62C5BCE2B001CB633 /* PBXTargetDependency */ = {
			isa = PBXTargetDependency;
			target = 222CB2B32C5BCE28001CB633 /* ImageFeed */;
			targetProxy = 222CB2D52C5BCE2B001CB633 /* PBXContainerItemProxy */;
		};
/* End PBXTargetDependency section */

/* Begin PBXVariantGroup section */
		222CB2BD2C5BCE28001CB633 /* Main.storyboard */ = {
			isa = PBXVariantGroup;
			children = (
				222CB2BE2C5BCE28001CB633 /* Base */,
			);
			name = Main.storyboard;
			sourceTree = "<group>";
		};
		222CB2C22C5BCE2A001CB633 /* LaunchScreen.storyboard */ = {
			isa = PBXVariantGroup;
			children = (
				222CB2C32C5BCE2A001CB633 /* Base */,
			);
			name = LaunchScreen.storyboard;
			sourceTree = "<group>";
		};
/* End PBXVariantGroup section */

/* Begin XCBuildConfiguration section */
		222CB2DC2C5BCE2B001CB633 /* Debug */ = {
			isa = XCBuildConfiguration;
			buildSettings = {
				ALWAYS_SEARCH_USER_PATHS = NO;
				ASSETCATALOG_COMPILER_GENERATE_SWIFT_ASSET_SYMBOL_EXTENSIONS = YES;
				CLANG_ANALYZER_NONNULL = YES;
				CLANG_ANALYZER_NUMBER_OBJECT_CONVERSION = YES_AGGRESSIVE;
				CLANG_CXX_LANGUAGE_STANDARD = "gnu++20";
				CLANG_ENABLE_MODULES = YES;
				CLANG_ENABLE_OBJC_ARC = YES;
				CLANG_ENABLE_OBJC_WEAK = YES;
				CLANG_WARN_BLOCK_CAPTURE_AUTORELEASING = YES;
				CLANG_WARN_BOOL_CONVERSION = YES;
				CLANG_WARN_COMMA = YES;
				CLANG_WARN_CONSTANT_CONVERSION = YES;
				CLANG_WARN_DEPRECATED_OBJC_IMPLEMENTATIONS = YES;
				CLANG_WARN_DIRECT_OBJC_ISA_USAGE = YES_ERROR;
				CLANG_WARN_DOCUMENTATION_COMMENTS = YES;
				CLANG_WARN_EMPTY_BODY = YES;
				CLANG_WARN_ENUM_CONVERSION = YES;
				CLANG_WARN_INFINITE_RECURSION = YES;
				CLANG_WARN_INT_CONVERSION = YES;
				CLANG_WARN_NON_LITERAL_NULL_CONVERSION = YES;
				CLANG_WARN_OBJC_IMPLICIT_RETAIN_SELF = YES;
				CLANG_WARN_OBJC_LITERAL_CONVERSION = YES;
				CLANG_WARN_OBJC_ROOT_CLASS = YES_ERROR;
				CLANG_WARN_QUOTED_INCLUDE_IN_FRAMEWORK_HEADER = YES;
				CLANG_WARN_RANGE_LOOP_ANALYSIS = YES;
				CLANG_WARN_STRICT_PROTOTYPES = YES;
				CLANG_WARN_SUSPICIOUS_MOVE = YES;
				CLANG_WARN_UNGUARDED_AVAILABILITY = YES_AGGRESSIVE;
				CLANG_WARN_UNREACHABLE_CODE = YES;
				CLANG_WARN__DUPLICATE_METHOD_MATCH = YES;
				COPY_PHASE_STRIP = NO;
				DEBUG_INFORMATION_FORMAT = dwarf;
				ENABLE_STRICT_OBJC_MSGSEND = YES;
				ENABLE_TESTABILITY = YES;
				ENABLE_USER_SCRIPT_SANDBOXING = YES;
				GCC_C_LANGUAGE_STANDARD = gnu17;
				GCC_DYNAMIC_NO_PIC = NO;
				GCC_NO_COMMON_BLOCKS = YES;
				GCC_OPTIMIZATION_LEVEL = 0;
				GCC_PREPROCESSOR_DEFINITIONS = (
					"DEBUG=1",
					"$(inherited)",
				);
				GCC_WARN_64_TO_32_BIT_CONVERSION = YES;
				GCC_WARN_ABOUT_RETURN_TYPE = YES_ERROR;
				GCC_WARN_UNDECLARED_SELECTOR = YES;
				GCC_WARN_UNINITIALIZED_AUTOS = YES_AGGRESSIVE;
				GCC_WARN_UNUSED_FUNCTION = YES;
				GCC_WARN_UNUSED_VARIABLE = YES;
				IPHONEOS_DEPLOYMENT_TARGET = 17.4;
				LOCALIZATION_PREFERS_STRING_CATALOGS = YES;
				MTL_ENABLE_DEBUG_INFO = INCLUDE_SOURCE;
				MTL_FAST_MATH = YES;
				ONLY_ACTIVE_ARCH = YES;
				SDKROOT = iphoneos;
				SWIFT_ACTIVE_COMPILATION_CONDITIONS = "DEBUG $(inherited)";
				SWIFT_OPTIMIZATION_LEVEL = "-Onone";
			};
			name = Debug;
		};
		222CB2DD2C5BCE2B001CB633 /* Release */ = {
			isa = XCBuildConfiguration;
			buildSettings = {
				ALWAYS_SEARCH_USER_PATHS = NO;
				ASSETCATALOG_COMPILER_GENERATE_SWIFT_ASSET_SYMBOL_EXTENSIONS = YES;
				CLANG_ANALYZER_NONNULL = YES;
				CLANG_ANALYZER_NUMBER_OBJECT_CONVERSION = YES_AGGRESSIVE;
				CLANG_CXX_LANGUAGE_STANDARD = "gnu++20";
				CLANG_ENABLE_MODULES = YES;
				CLANG_ENABLE_OBJC_ARC = YES;
				CLANG_ENABLE_OBJC_WEAK = YES;
				CLANG_WARN_BLOCK_CAPTURE_AUTORELEASING = YES;
				CLANG_WARN_BOOL_CONVERSION = YES;
				CLANG_WARN_COMMA = YES;
				CLANG_WARN_CONSTANT_CONVERSION = YES;
				CLANG_WARN_DEPRECATED_OBJC_IMPLEMENTATIONS = YES;
				CLANG_WARN_DIRECT_OBJC_ISA_USAGE = YES_ERROR;
				CLANG_WARN_DOCUMENTATION_COMMENTS = YES;
				CLANG_WARN_EMPTY_BODY = YES;
				CLANG_WARN_ENUM_CONVERSION = YES;
				CLANG_WARN_INFINITE_RECURSION = YES;
				CLANG_WARN_INT_CONVERSION = YES;
				CLANG_WARN_NON_LITERAL_NULL_CONVERSION = YES;
				CLANG_WARN_OBJC_IMPLICIT_RETAIN_SELF = YES;
				CLANG_WARN_OBJC_LITERAL_CONVERSION = YES;
				CLANG_WARN_OBJC_ROOT_CLASS = YES_ERROR;
				CLANG_WARN_QUOTED_INCLUDE_IN_FRAMEWORK_HEADER = YES;
				CLANG_WARN_RANGE_LOOP_ANALYSIS = YES;
				CLANG_WARN_STRICT_PROTOTYPES = YES;
				CLANG_WARN_SUSPICIOUS_MOVE = YES;
				CLANG_WARN_UNGUARDED_AVAILABILITY = YES_AGGRESSIVE;
				CLANG_WARN_UNREACHABLE_CODE = YES;
				CLANG_WARN__DUPLICATE_METHOD_MATCH = YES;
				COPY_PHASE_STRIP = NO;
				DEBUG_INFORMATION_FORMAT = "dwarf-with-dsym";
				ENABLE_NS_ASSERTIONS = NO;
				ENABLE_STRICT_OBJC_MSGSEND = YES;
				ENABLE_USER_SCRIPT_SANDBOXING = YES;
				GCC_C_LANGUAGE_STANDARD = gnu17;
				GCC_NO_COMMON_BLOCKS = YES;
				GCC_WARN_64_TO_32_BIT_CONVERSION = YES;
				GCC_WARN_ABOUT_RETURN_TYPE = YES_ERROR;
				GCC_WARN_UNDECLARED_SELECTOR = YES;
				GCC_WARN_UNINITIALIZED_AUTOS = YES_AGGRESSIVE;
				GCC_WARN_UNUSED_FUNCTION = YES;
				GCC_WARN_UNUSED_VARIABLE = YES;
				IPHONEOS_DEPLOYMENT_TARGET = 17.4;
				LOCALIZATION_PREFERS_STRING_CATALOGS = YES;
				MTL_ENABLE_DEBUG_INFO = NO;
				MTL_FAST_MATH = YES;
				SDKROOT = iphoneos;
				SWIFT_COMPILATION_MODE = wholemodule;
				VALIDATE_PRODUCT = YES;
			};
			name = Release;
		};
		222CB2DF2C5BCE2B001CB633 /* Debug */ = {
			isa = XCBuildConfiguration;
			buildSettings = {
				ASSETCATALOG_COMPILER_APPICON_NAME = AppIcon;
				ASSETCATALOG_COMPILER_GLOBAL_ACCENT_COLOR_NAME = AccentColor;
				CODE_SIGN_STYLE = Automatic;
				CURRENT_PROJECT_VERSION = 1;
				DEVELOPMENT_TEAM = 7B465453NV;
				GENERATE_INFOPLIST_FILE = YES;
				INFOPLIST_FILE = ImageFeed/Info.plist;
				INFOPLIST_KEY_UIApplicationSupportsIndirectInputEvents = YES;
				INFOPLIST_KEY_UILaunchStoryboardName = LaunchScreen;
				INFOPLIST_KEY_UIMainStoryboardFile = Main;
				INFOPLIST_KEY_UISupportedInterfaceOrientations = UIInterfaceOrientationPortrait;
				IPHONEOS_DEPLOYMENT_TARGET = 13.0;
				LD_RUNPATH_SEARCH_PATHS = (
					"$(inherited)",
					"@executable_path/Frameworks",
				);
				MARKETING_VERSION = 1.0;
				PRODUCT_BUNDLE_IDENTIFIER = ru.atropinskiy.ImageFeed;
				PRODUCT_NAME = "$(TARGET_NAME)";
				SUPPORTED_PLATFORMS = "iphoneos iphonesimulator";
				SUPPORTS_MACCATALYST = NO;
				SUPPORTS_MAC_DESIGNED_FOR_IPHONE_IPAD = NO;
				SUPPORTS_XR_DESIGNED_FOR_IPHONE_IPAD = NO;
				SWIFT_EMIT_LOC_STRINGS = YES;
				SWIFT_VERSION = 5.0;
				TARGETED_DEVICE_FAMILY = 1;
			};
			name = Debug;
		};
		222CB2E02C5BCE2B001CB633 /* Release */ = {
			isa = XCBuildConfiguration;
			buildSettings = {
				ASSETCATALOG_COMPILER_APPICON_NAME = AppIcon;
				ASSETCATALOG_COMPILER_GLOBAL_ACCENT_COLOR_NAME = AccentColor;
				CODE_SIGN_STYLE = Automatic;
				CURRENT_PROJECT_VERSION = 1;
				DEVELOPMENT_TEAM = 7B465453NV;
				GENERATE_INFOPLIST_FILE = YES;
				INFOPLIST_FILE = ImageFeed/Info.plist;
				INFOPLIST_KEY_UIApplicationSupportsIndirectInputEvents = YES;
				INFOPLIST_KEY_UILaunchStoryboardName = LaunchScreen;
				INFOPLIST_KEY_UIMainStoryboardFile = Main;
				INFOPLIST_KEY_UISupportedInterfaceOrientations = UIInterfaceOrientationPortrait;
				IPHONEOS_DEPLOYMENT_TARGET = 13.0;
				LD_RUNPATH_SEARCH_PATHS = (
					"$(inherited)",
					"@executable_path/Frameworks",
				);
				MARKETING_VERSION = 1.0;
				PRODUCT_BUNDLE_IDENTIFIER = ru.atropinskiy.ImageFeed;
				PRODUCT_NAME = "$(TARGET_NAME)";
				SUPPORTED_PLATFORMS = "iphoneos iphonesimulator";
				SUPPORTS_MACCATALYST = NO;
				SUPPORTS_MAC_DESIGNED_FOR_IPHONE_IPAD = NO;
				SUPPORTS_XR_DESIGNED_FOR_IPHONE_IPAD = NO;
				SWIFT_EMIT_LOC_STRINGS = YES;
				SWIFT_VERSION = 5.0;
				TARGETED_DEVICE_FAMILY = 1;
			};
			name = Release;
		};
		222CB2E22C5BCE2B001CB633 /* Debug */ = {
			isa = XCBuildConfiguration;
			buildSettings = {
				ALWAYS_EMBED_SWIFT_STANDARD_LIBRARIES = YES;
				BUNDLE_LOADER = "$(TEST_HOST)";
				CODE_SIGN_STYLE = Automatic;
				CURRENT_PROJECT_VERSION = 1;
				DEVELOPMENT_TEAM = 7B465453NV;
				GENERATE_INFOPLIST_FILE = YES;
				IPHONEOS_DEPLOYMENT_TARGET = 17.4;
				MARKETING_VERSION = 1.0;
				PRODUCT_BUNDLE_IDENTIFIER = ru.atropinskiy.ImageFeedTests;
				PRODUCT_NAME = "$(TARGET_NAME)";
				SWIFT_EMIT_LOC_STRINGS = NO;
				SWIFT_VERSION = 5.0;
				TARGETED_DEVICE_FAMILY = "1,2";
				TEST_HOST = "$(BUILT_PRODUCTS_DIR)/ImageFeed.app/$(BUNDLE_EXECUTABLE_FOLDER_PATH)/ImageFeed";
			};
			name = Debug;
		};
		222CB2E32C5BCE2B001CB633 /* Release */ = {
			isa = XCBuildConfiguration;
			buildSettings = {
				ALWAYS_EMBED_SWIFT_STANDARD_LIBRARIES = YES;
				BUNDLE_LOADER = "$(TEST_HOST)";
				CODE_SIGN_STYLE = Automatic;
				CURRENT_PROJECT_VERSION = 1;
				DEVELOPMENT_TEAM = 7B465453NV;
				GENERATE_INFOPLIST_FILE = YES;
				IPHONEOS_DEPLOYMENT_TARGET = 17.4;
				MARKETING_VERSION = 1.0;
				PRODUCT_BUNDLE_IDENTIFIER = ru.atropinskiy.ImageFeedTests;
				PRODUCT_NAME = "$(TARGET_NAME)";
				SWIFT_EMIT_LOC_STRINGS = NO;
				SWIFT_VERSION = 5.0;
				TARGETED_DEVICE_FAMILY = "1,2";
				TEST_HOST = "$(BUILT_PRODUCTS_DIR)/ImageFeed.app/$(BUNDLE_EXECUTABLE_FOLDER_PATH)/ImageFeed";
			};
			name = Release;
		};
		222CB2E52C5BCE2B001CB633 /* Debug */ = {
			isa = XCBuildConfiguration;
			buildSettings = {
				ALWAYS_EMBED_SWIFT_STANDARD_LIBRARIES = YES;
				CODE_SIGN_STYLE = Automatic;
				CURRENT_PROJECT_VERSION = 1;
				DEVELOPMENT_TEAM = 7B465453NV;
				GENERATE_INFOPLIST_FILE = YES;
				MARKETING_VERSION = 1.0;
				PRODUCT_BUNDLE_IDENTIFIER = ru.atropinskiy.ImageFeedUITests;
				PRODUCT_NAME = "$(TARGET_NAME)";
				SWIFT_EMIT_LOC_STRINGS = NO;
				SWIFT_VERSION = 5.0;
				TARGETED_DEVICE_FAMILY = "1,2";
				TEST_TARGET_NAME = ImageFeed;
			};
			name = Debug;
		};
		222CB2E62C5BCE2B001CB633 /* Release */ = {
			isa = XCBuildConfiguration;
			buildSettings = {
				ALWAYS_EMBED_SWIFT_STANDARD_LIBRARIES = YES;
				CODE_SIGN_STYLE = Automatic;
				CURRENT_PROJECT_VERSION = 1;
				DEVELOPMENT_TEAM = 7B465453NV;
				GENERATE_INFOPLIST_FILE = YES;
				MARKETING_VERSION = 1.0;
				PRODUCT_BUNDLE_IDENTIFIER = ru.atropinskiy.ImageFeedUITests;
				PRODUCT_NAME = "$(TARGET_NAME)";
				SWIFT_EMIT_LOC_STRINGS = NO;
				SWIFT_VERSION = 5.0;
				TARGETED_DEVICE_FAMILY = "1,2";
				TEST_TARGET_NAME = ImageFeed;
			};
			name = Release;
		};
/* End XCBuildConfiguration section */

/* Begin XCConfigurationList section */
		222CB2AF2C5BCE28001CB633 /* Build configuration list for PBXProject "ImageFeed" */ = {
			isa = XCConfigurationList;
			buildConfigurations = (
				222CB2DC2C5BCE2B001CB633 /* Debug */,
				222CB2DD2C5BCE2B001CB633 /* Release */,
			);
			defaultConfigurationIsVisible = 0;
			defaultConfigurationName = Release;
		};
		222CB2DE2C5BCE2B001CB633 /* Build configuration list for PBXNativeTarget "ImageFeed" */ = {
			isa = XCConfigurationList;
			buildConfigurations = (
				222CB2DF2C5BCE2B001CB633 /* Debug */,
				222CB2E02C5BCE2B001CB633 /* Release */,
			);
			defaultConfigurationIsVisible = 0;
			defaultConfigurationName = Release;
		};
		222CB2E12C5BCE2B001CB633 /* Build configuration list for PBXNativeTarget "ImageFeedTests" */ = {
			isa = XCConfigurationList;
			buildConfigurations = (
				222CB2E22C5BCE2B001CB633 /* Debug */,
				222CB2E32C5BCE2B001CB633 /* Release */,
			);
			defaultConfigurationIsVisible = 0;
			defaultConfigurationName = Release;
		};
		222CB2E42C5BCE2B001CB633 /* Build configuration list for PBXNativeTarget "ImageFeedUITests" */ = {
			isa = XCConfigurationList;
			buildConfigurations = (
				222CB2E52C5BCE2B001CB633 /* Debug */,
				222CB2E62C5BCE2B001CB633 /* Release */,
			);
			defaultConfigurationIsVisible = 0;
			defaultConfigurationName = Release;
		};
/* End XCConfigurationList section */

/* Begin XCRemoteSwiftPackageReference section */
		229183B52C89B18C00A2AA5F /* XCRemoteSwiftPackageReference "ProgressHUD" */ = {
			isa = XCRemoteSwiftPackageReference;
			repositoryURL = "https://github.com/relatedcode/ProgressHUD";
			requirement = {
				kind = upToNextMajorVersion;
				minimumVersion = 14.1.3;
			};
		};
		229183BE2C8ECF0E00A2AA5F /* XCRemoteSwiftPackageReference "SwiftKeychainWrapper" */ = {
			isa = XCRemoteSwiftPackageReference;
			repositoryURL = "https://github.com/jrendel/SwiftKeychainWrapper";
			requirement = {
				kind = upToNextMajorVersion;
				minimumVersion = 4.0.1;
			};
		};
		229183C42C8EE09200A2AA5F /* XCRemoteSwiftPackageReference "Kingfisher" */ = {
			isa = XCRemoteSwiftPackageReference;
			repositoryURL = "https://github.com/onevcat/Kingfisher";
			requirement = {
				kind = upToNextMajorVersion;
				minimumVersion = 7.12.0;
			};
		};
/* End XCRemoteSwiftPackageReference section */

/* Begin XCSwiftPackageProductDependency section */
		229183B62C89B74900A2AA5F /* ProgressHUD */ = {
			isa = XCSwiftPackageProductDependency;
			package = 229183B52C89B18C00A2AA5F /* XCRemoteSwiftPackageReference "ProgressHUD" */;
			productName = ProgressHUD;
		};
		229183BF2C8ECF0E00A2AA5F /* SwiftKeychainWrapper */ = {
			isa = XCSwiftPackageProductDependency;
			package = 229183BE2C8ECF0E00A2AA5F /* XCRemoteSwiftPackageReference "SwiftKeychainWrapper" */;
			productName = SwiftKeychainWrapper;
		};
		229183C52C8EE09200A2AA5F /* Kingfisher */ = {
			isa = XCSwiftPackageProductDependency;
			package = 229183C42C8EE09200A2AA5F /* XCRemoteSwiftPackageReference "Kingfisher" */;
			productName = Kingfisher;
		};
/* End XCSwiftPackageProductDependency section */
	};
	rootObject = 222CB2AC2C5BCE28001CB633 /* Project object */;
}
